
Microsoft Visual Studio Solution File, Format Version 12.00
Project("{FAE04EC0-301F-11D3-BF4B-00C04F79EFBC}") = "RoskhTest", "RoskhTest.csproj", "{247FFD0D-8665-4CE2-85AD-05E4059DA4CC}"
EndProject
Global
	GlobalSection(SolutionConfigurationPlatforms) = preSolution
		Debug|Any CPU = Debug|Any CPU
		Release|Any CPU = Release|Any CPU
	EndGlobalSection
	GlobalSection(ProjectConfigurationPlatforms) = postSolution
		{247FFD0D-8665-4CE2-85AD-05E4059DA4CC}.Debug|Any CPU.ActiveCfg = Debug|Any CPU
		{247FFD0D-8665-4CE2-85AD-05E4059DA4CC}.Debug|Any CPU.Build.0 = Debug|Any CPU
		{247FFD0D-8665-4CE2-85AD-05E4059DA4CC}.Release|Any CPU.ActiveCfg = Release|Any CPU
		{247FFD0D-8665-4CE2-85AD-05E4059DA4CC}.Release|Any CPU.Build.0 = Release|Any CPU
	EndGlobalSection
EndGlobal
